Microsoft Visual Studio Solution File, Format Version 12.00
# Visual Studio 2012
Project("{FAE04EC0-301F-11D3-BF4B-00C04F79EFBC}") = "OmniButton", "OmniButton.csproj", "{6AFAFFC3-05A7-4407-A48F-021C17631BAC}"
EndProject
Global
	GlobalSection(SolutionConfigurationPlatforms) = preSolution
	Debug|Any CPU = Debug|Any CPU
	ExportDebug|Any CPU = ExportDebug|Any CPU
	ExportRelease|Any CPU = ExportRelease|Any CPU
	EndGlobalSection
	GlobalSection(ProjectConfigurationPlatforms) = postSolution
		{6AFAFFC3-05A7-4407-A48F-021C17631BAC}.Debug|Any CPU.ActiveCfg = Debug|Any CPU
		{6AFAFFC3-05A7-4407-A48F-021C17631BAC}.Debug|Any CPU.Build.0 = Debug|Any CPU
		{6AFAFFC3-05A7-4407-A48F-021C17631BAC}.ExportDebug|Any CPU.ActiveCfg = ExportDebug|Any CPU
		{6AFAFFC3-05A7-4407-A48F-021C17631BAC}.ExportDebug|Any CPU.Build.0 = ExportDebug|Any CPU
		{6AFAFFC3-05A7-4407-A48F-021C17631BAC}.ExportRelease|Any CPU.ActiveCfg = ExportRelease|Any CPU
		{6AFAFFC3-05A7-4407-A48F-021C17631BAC}.ExportRelease|Any CPU.Build.0 = ExportRelease|Any CPU
	EndGlobalSection
EndGlobal
